
Microsoft Visual Studio Solution File, Format Version 12.00
# Visual Studio Version 17
VisualStudioVersion = 17.12.35527.113
MinimumVisualStudioVersion = 10.0.40219.1
Project("{FAE04EC0-301F-11D3-BF4B-00C04F79EFBC}") = "ModbusMaster", "ModbusMaster\ModbusMaster.csproj", "{F81EEBFE-B1D5-467F-AA89-06A19F24A0CB}"
EndProject
Project("{FAE04EC0-301F-11D3-BF4B-00C04F79EFBC}") = "MasterSlave", "MasterSlave\MasterSlave.csproj", "{531597E4-695D-4424-8E4C-246BA7961A5D}"
EndProject
Project("{2150E333-8FDC-42A3-9474-1A3956D46DE8}") = "Solution Items", "Solution Items", "{ABD0BA8C-938A-4443-BCF5-C0B42D9EEFBF}"
	ProjectSection(SolutionItems) = preProject
		docker-compose.yml = docker-compose.yml
	EndProjectSection
EndProject
Global
	GlobalSection(SolutionConfigurationPlatforms) = preSolution
		Debug|Any CPU = Debug|Any CPU
		Release|Any CPU = Release|Any CPU
	EndGlobalSection
	GlobalSection(ProjectConfigurationPlatforms) = postSolution
		{F81EEBFE-B1D5-467F-AA89-06A19F24A0CB}.Debug|Any CPU.ActiveCfg = Debug|Any CPU
		{F81EEBFE-B1D5-467F-AA89-06A19F24A0CB}.Debug|Any CPU.Build.0 = Debug|Any CPU
		{F81EEBFE-B1D5-467F-AA89-06A19F24A0CB}.Release|Any CPU.ActiveCfg = Release|Any CPU
		{F81EEBFE-B1D5-467F-AA89-06A19F24A0CB}.Release|Any CPU.Build.0 = Release|Any CPU
		{531597E4-695D-4424-8E4C-246BA7961A5D}.Debug|Any CPU.ActiveCfg = Debug|Any CPU
		{531597E4-695D-4424-8E4C-246BA7961A5D}.Debug|Any CPU.Build.0 = Debug|Any CPU
		{531597E4-695D-4424-8E4C-246BA7961A5D}.Release|Any CPU.ActiveCfg = Release|Any CPU
		{531597E4-695D-4424-8E4C-246BA7961A5D}.Release|Any CPU.Build.0 = Release|Any CPU
	EndGlobalSection
	GlobalSection(SolutionProperties) = preSolution
		HideSolutionNode = FALSE
	EndGlobalSection
EndGlobal
